
Microsoft Visual Studio Solution File, Format Version 12.00
# Visual Studio Version 17
VisualStudioVersion = 17.4.33403.182
MinimumVisualStudioVersion = 10.0.40219.1
Project("{9A19103F-16F7-4668-BE54-9A1E7A4F7556}") = "ApiMaterialRequirementsPlanningSystem", "MaterialRequirementsPlanningSystem\ApiMaterialRequirementsPlanningSystem.csproj", "{A3D1D4FE-74F7-449B-820D-F0EB7E5CE0F6}"
EndProject
Project("{9A19103F-16F7-4668-BE54-9A1E7A4F7556}") = "DataAcess", "DataAcess\DataAcess.csproj", "{E156E1D8-7917-44F2-ADEB-3ADBD3067392}"
EndProject
Project("{FAE04EC0-301F-11D3-BF4B-00C04F79EFBC}") = "BusinessLogic", "BusinessLogic\BusinessLogic.csproj", "{04D6FF55-7A15-42D7-AC2E-44A349D64A41}"
EndProject
Global
	GlobalSection(SolutionConfigurationPlatforms) = preSolution
		Debug|Any CPU = Debug|Any CPU
		Release|Any CPU = Release|Any CPU
	EndGlobalSection
	GlobalSection(ProjectConfigurationPlatforms) = postSolution
		{A3D1D4FE-74F7-449B-820D-F0EB7E5CE0F6}.Debug|Any CPU.ActiveCfg = Debug|Any CPU
		{A3D1D4FE-74F7-449B-820D-F0EB7E5CE0F6}.Debug|Any CPU.Build.0 = Debug|Any CPU
		{A3D1D4FE-74F7-449B-820D-F0EB7E5CE0F6}.Release|Any CPU.ActiveCfg = Release|Any CPU
		{A3D1D4FE-74F7-449B-820D-F0EB7E5CE0F6}.Release|Any CPU.Build.0 = Release|Any CPU
		{E156E1D8-7917-44F2-ADEB-3ADBD3067392}.Debug|Any CPU.ActiveCfg = Debug|Any CPU
		{E156E1D8-7917-44F2-ADEB-3ADBD3067392}.Debug|Any CPU.Build.0 = Debug|Any CPU
		{E156E1D8-7917-44F2-ADEB-3ADBD3067392}.Release|Any CPU.ActiveCfg = Release|Any CPU
		{E156E1D8-7917-44F2-ADEB-3ADBD3067392}.Release|Any CPU.Build.0 = Release|Any CPU
		{04D6FF55-7A15-42D7-AC2E-44A349D64A41}.Debug|Any CPU.ActiveCfg = Debug|Any CPU
		{04D6FF55-7A15-42D7-AC2E-44A349D64A41}.Debug|Any CPU.Build.0 = Debug|Any CPU
		{04D6FF55-7A15-42D7-AC2E-44A349D64A41}.Release|Any CPU.ActiveCfg = Release|Any CPU
		{04D6FF55-7A15-42D7-AC2E-44A349D64A41}.Release|Any CPU.Build.0 = Release|Any CPU
	EndGlobalSection
	GlobalSection(SolutionProperties) = preSolution
		HideSolutionNode = FALSE
	EndGlobalSection
	GlobalSection(ExtensibilityGlobals) = postSolution
		SolutionGuid = {07997DF1-299F-46E5-9864-06FA3257F236}
	EndGlobalSection
EndGlobal
